
Microsoft Visual Studio Solution File, Format Version 12.00
# Visual Studio Version 17
VisualStudioVersion = 17.0.31611.283
MinimumVisualStudioVersion = 10.0.40219.1
Project("{9A19103F-16F7-4668-BE54-9A1E7A4F7556}") = "MauiLibraryPacks", "MauiLibraryPacks\MauiLibraryPacks.csproj", "{2F90E6CB-4757-4B59-A7F8-D2EE036DFF30}"
EndProject
Project("{FAE04EC0-301F-11D3-BF4B-00C04F79EFBC}") = "MauiLibCore", "MauiLibCore\MauiLibCore.csproj", "{A9F49FC8-D661-463D-8F2D-539A3C3B3959}"
EndProject
Project("{FAE04EC0-301F-11D3-BF4B-00C04F79EFBC}") = "MauiLibButtons", "MauiLibButtons\MauiLibButtons.csproj", "{E6888D1A-184C-46CA-A884-0404614C2771}"
EndProject
Project("{FAE04EC0-301F-11D3-BF4B-00C04F79EFBC}") = "MauiLibEntries", "MauiLibEntries\MauiLibEntries.csproj", "{B6BF0D46-97F9-4054-BA96-E18D7E325CE5}"
EndProject
Project("{2150E333-8FDC-42A3-9474-1A3956D46DE8}") = "MauiLib", "MauiLib", "{1E2C05A0-03CB-4039-A8DA-3610D3A9E756}"
EndProject
Global
	GlobalSection(SolutionConfigurationPlatforms) = preSolution
		Debug|Any CPU = Debug|Any CPU
		Release|Any CPU = Release|Any CPU
	EndGlobalSection
	GlobalSection(ProjectConfigurationPlatforms) = postSolution
		{2F90E6CB-4757-4B59-A7F8-D2EE036DFF30}.Debug|Any CPU.ActiveCfg = Debug|Any CPU
		{2F90E6CB-4757-4B59-A7F8-D2EE036DFF30}.Debug|Any CPU.Build.0 = Debug|Any CPU
		{2F90E6CB-4757-4B59-A7F8-D2EE036DFF30}.Debug|Any CPU.Deploy.0 = Debug|Any CPU
		{2F90E6CB-4757-4B59-A7F8-D2EE036DFF30}.Release|Any CPU.ActiveCfg = Release|Any CPU
		{2F90E6CB-4757-4B59-A7F8-D2EE036DFF30}.Release|Any CPU.Build.0 = Release|Any CPU
		{2F90E6CB-4757-4B59-A7F8-D2EE036DFF30}.Release|Any CPU.Deploy.0 = Release|Any CPU
		{A9F49FC8-D661-463D-8F2D-539A3C3B3959}.Debug|Any CPU.ActiveCfg = Debug|Any CPU
		{A9F49FC8-D661-463D-8F2D-539A3C3B3959}.Debug|Any CPU.Build.0 = Debug|Any CPU
		{A9F49FC8-D661-463D-8F2D-539A3C3B3959}.Release|Any CPU.ActiveCfg = Release|Any CPU
		{A9F49FC8-D661-463D-8F2D-539A3C3B3959}.Release|Any CPU.Build.0 = Release|Any CPU
		{E6888D1A-184C-46CA-A884-0404614C2771}.Debug|Any CPU.ActiveCfg = Debug|Any CPU
		{E6888D1A-184C-46CA-A884-0404614C2771}.Debug|Any CPU.Build.0 = Debug|Any CPU
		{E6888D1A-184C-46CA-A884-0404614C2771}.Release|Any CPU.ActiveCfg = Release|Any CPU
		{E6888D1A-184C-46CA-A884-0404614C2771}.Release|Any CPU.Build.0 = Release|Any CPU
		{B6BF0D46-97F9-4054-BA96-E18D7E325CE5}.Debug|Any CPU.ActiveCfg = Debug|Any CPU
		{B6BF0D46-97F9-4054-BA96-E18D7E325CE5}.Debug|Any CPU.Build.0 = Debug|Any CPU
		{B6BF0D46-97F9-4054-BA96-E18D7E325CE5}.Release|Any CPU.ActiveCfg = Release|Any CPU
		{B6BF0D46-97F9-4054-BA96-E18D7E325CE5}.Release|Any CPU.Build.0 = Release|Any CPU
	EndGlobalSection
	GlobalSection(SolutionProperties) = preSolution
		HideSolutionNode = FALSE
	EndGlobalSection
	GlobalSection(NestedProjects) = preSolution
		{A9F49FC8-D661-463D-8F2D-539A3C3B3959} = {1E2C05A0-03CB-4039-A8DA-3610D3A9E756}
		{E6888D1A-184C-46CA-A884-0404614C2771} = {1E2C05A0-03CB-4039-A8DA-3610D3A9E756}
		{B6BF0D46-97F9-4054-BA96-E18D7E325CE5} = {1E2C05A0-03CB-4039-A8DA-3610D3A9E756}
	EndGlobalSection
	GlobalSection(ExtensibilityGlobals) = postSolution
		SolutionGuid = {61F7FB11-1E47-470C-91E2-47F8143E1572}
	EndGlobalSection
EndGlobal
